
Microsoft Visual Studio Solution File, Format Version 12.00
# Visual Studio Version 17
VisualStudioVersion = 17.11.35327.3
MinimumVisualStudioVersion = 10.0.40219.1
Project("{8BC9CEB8-8B4A-11D0-8D11-00A0C91BC942}") = "Actividad4", "Actividad4\Actividad4.vcxproj", "{B78E3A03-2CEB-4EB5-B83A-92CB1ED016EA}"
EndProject
Global
	GlobalSection(SolutionConfigurationPlatforms) = preSolution
		Debug|x64 = Debug|x64
		Debug|x86 = Debug|x86
		Release|x64 = Release|x64
		Release|x86 = Release|x86
	EndGlobalSection
	GlobalSection(ProjectConfigurationPlatforms) = postSolution
		{B78E3A03-2CEB-4EB5-B83A-92CB1ED016EA}.Debug|x64.ActiveCfg = Debug|x64
		{B78E3A03-2CEB-4EB5-B83A-92CB1ED016EA}.Debug|x64.Build.0 = Debug|x64
		{B78E3A03-2CEB-4EB5-B83A-92CB1ED016EA}.Debug|x86.ActiveCfg = Debug|Win32
		{B78E3A03-2CEB-4EB5-B83A-92CB1ED016EA}.Debug|x86.Build.0 = Debug|Win32
		{B78E3A03-2CEB-4EB5-B83A-92CB1ED016EA}.Release|x64.ActiveCfg = Release|x64
		{B78E3A03-2CEB-4EB5-B83A-92CB1ED016EA}.Release|x64.Build.0 = Release|x64
		{B78E3A03-2CEB-4EB5-B83A-92CB1ED016EA}.Release|x86.ActiveCfg = Release|Win32
		{B78E3A03-2CEB-4EB5-B83A-92CB1ED016EA}.Release|x86.Build.0 = Release|Win32
	EndGlobalSection
	GlobalSection(SolutionProperties) = preSolution
		HideSolutionNode = FALSE
	EndGlobalSection
	GlobalSection(ExtensibilityGlobals) = postSolution
		SolutionGuid = {D2F20F60-4DE8-4E9C-8791-4DCB8D0C6A54}
	EndGlobalSection
EndGlobal
